
Microsoft Visual Studio Solution File, Format Version 12.00
# Visual Studio 15
Project("{FAE04EC0-301F-11D3-BF4B-00C04F79EFBC}") = "DogBeeswax", "DogBeeswax\DogBeeswax.csproj", "{932B5299-978F-4F12-A0B0-6E402DA39E52}"
EndProject
Global
	GlobalSection(SolutionConfigurationPlatforms) = preSolution
		Debug|anycpu = Debug|anycpu
		Release|anycpu = Release|anycpu
	EndGlobalSection
	GlobalSection(ProjectConfigurationPlatforms) = postSolution
		{932B5299-978F-4F12-A0B0-6E402DA39E52}.Debug|anycpu.ActiveCfg = Debug|anycpu
		{932B5299-978F-4F12-A0B0-6E402DA39E52}.Debug|anycpu.Build.0 = Debug|anycpu
		{932B5299-978F-4F12-A0B0-6E402DA39E52}.Release|anycpu.ActiveCfg = Release|anycpu
		{932B5299-978F-4F12-A0B0-6E402DA39E52}.Release|anycpu.Build.0 = Release|anycpu
	EndGlobalSection
EndGlobal
